// !$*UTF8*$!
{
	archiveVersion = 1;
	classes = {
	};
	objectVersion = 55;
	objects = {

/* Begin PBXBuildFile section */
		2D01D7D22763A1B7008C3744 /* convert_node.cpp in Sources */ = {isa = PBXBuildFile; fileRef = 2D01D7D02763A1B7008C3744 /* convert_node.cpp */; };
		2D01D7D5276603F9008C3744 /* bad_formulas_set.cpp in Sources */ = {isa = PBXBuildFile; fileRef = 2D01D7D3276603F9008C3744 /* bad_formulas_set.cpp */; };
		2D01D7D827661A81008C3744 /* vector_state.cpp in Sources */ = {isa = PBXBuildFile; fileRef = 2D01D7D627661A81008C3744 /* vector_state.cpp */; };
		2D01D7DB27665F15008C3744 /* state.cpp in Sources */ = {isa = PBXBuildFile; fileRef = 2D01D7D927665F15008C3744 /* state.cpp */; };
		2D552D472757CF5400157BE6 /* main.cpp in Sources */ = {isa = PBXBuildFile; fileRef = 2D552D462757CF5400157BE6 /* main.cpp */; };
		2D552D542757CF8C00157BE6 /* test.cpp in Sources */ = {isa = PBXBuildFile; fileRef = 2D552D532757CF8C00157BE6 /* test.cpp */; };
		2D552D5A2757D03300157BE6 /* ltl_converter.cpp in Sources */ = {isa = PBXBuildFile; fileRef = 2D552D582757D03300157BE6 /* ltl_converter.cpp */; };
		2DA767F9276E3DB800866208 /* ltl.cpp in Sources */ = {isa = PBXBuildFile; fileRef = 2DA767F7276E3DB800866208 /* ltl.cpp */; };
/* End PBXBuildFile section */

/* Begin PBXCopyFilesBuildPhase section */
		2D552D412757CF5400157BE6 /* CopyFiles */ = {
			isa = PBXCopyFilesBuildPhase;
			buildActionMask = 2147483647;
			dstPath = /usr/share/man/man1/;
			dstSubfolderSpec = 0;
			files = (
			);
			runOnlyForDeploymentPostprocessing = 1;
		};
/* End PBXCopyFilesBuildPhase section */

/* Begin PBXFileReference section */
		2D01D7D02763A1B7008C3744 /* convert_node.cpp */ = {isa = PBXFileReference; lastKnownFileType = sourcecode.cpp.cpp; path = convert_node.cpp; sourceTree = "<group>"; };
		2D01D7D12763A1B7008C3744 /* convert_node.hpp */ = {isa = PBXFileReference; lastKnownFileType = sourcecode.cpp.h; path = convert_node.hpp; sourceTree = "<group>"; };
		2D01D7D3276603F9008C3744 /* bad_formulas_set.cpp */ = {isa = PBXFileReference; lastKnownFileType = sourcecode.cpp.cpp; path = bad_formulas_set.cpp; sourceTree = "<group>"; };
		2D01D7D4276603F9008C3744 /* bad_formulas_set.hpp */ = {isa = PBXFileReference; lastKnownFileType = sourcecode.cpp.h; path = bad_formulas_set.hpp; sourceTree = "<group>"; };
		2D01D7D627661A81008C3744 /* vector_state.cpp */ = {isa = PBXFileReference; lastKnownFileType = sourcecode.cpp.cpp; path = vector_state.cpp; sourceTree = "<group>"; };
		2D01D7D727661A81008C3744 /* vector_state.hpp */ = {isa = PBXFileReference; lastKnownFileType = sourcecode.cpp.h; path = vector_state.hpp; sourceTree = "<group>"; };
		2D01D7D927665F15008C3744 /* state.cpp */ = {isa = PBXFileReference; lastKnownFileType = sourcecode.cpp.cpp; path = state.cpp; sourceTree = "<group>"; };
		2D01D7DA27665F15008C3744 /* state.hpp */ = {isa = PBXFileReference; lastKnownFileType = sourcecode.cpp.h; path = state.hpp; sourceTree = "<group>"; };
		2D552D432757CF5400157BE6 /* LtlToBuhiAutomato */ = {isa = PBXFileReference; explicitFileType = "compiled.mach-o.executable"; includeInIndex = 0; path = LtlToBuhiAutomato; sourceTree = BUILT_PRODUCTS_DIR; };
		2D552D462757CF5400157BE6 /* main.cpp */ = {isa = PBXFileReference; lastKnownFileType = sourcecode.cpp.cpp; path = main.cpp; sourceTree = "<group>"; };
		2D552D532757CF8C00157BE6 /* test.cpp */ = {isa = PBXFileReference; fileEncoding = 4; lastKnownFileType = sourcecode.cpp.cpp; name = test.cpp; path = ../../../../Downloads/lib/test.cpp; sourceTree = "<group>"; };
		2D552D582757D03300157BE6 /* ltl_converter.cpp */ = {isa = PBXFileReference; lastKnownFileType = sourcecode.cpp.cpp; path = ltl_converter.cpp; sourceTree = "<group>"; };
		2D552D592757D03300157BE6 /* ltl_converter.hpp */ = {isa = PBXFileReference; lastKnownFileType = sourcecode.cpp.h; path = ltl_converter.hpp; sourceTree = "<group>"; };
		2DA767F5276E3CBD00866208 /* LtlToBuhiAutomato */ = {isa = PBXFileReference; lastKnownFileType = folder; name = LtlToBuhiAutomato; sourceTree = "<group>"; };
		2DA767F6276E3DB800866208 /* fsm.h */ = {isa = PBXFileReference; fileEncoding = 4; lastKnownFileType = sourcecode.c.h; path = fsm.h; sourceTree = "<group>"; };
		2DA767F7276E3DB800866208 /* ltl.cpp */ = {isa = PBXFileReference; fileEncoding = 4; lastKnownFileType = sourcecode.cpp.cpp; path = ltl.cpp; sourceTree = "<group>"; };
		2DA767F8276E3DB800866208 /* ltl.h */ = {isa = PBXFileReference; fileEncoding = 4; lastKnownFileType = sourcecode.c.h; path = ltl.h; sourceTree = "<group>"; };
/* End PBXFileReference section */

/* Begin PBXFrameworksBuildPhase section */
		2D552D402757CF5400157BE6 /* Frameworks */ = {
			isa = PBXFrameworksBuildPhase;
			buildActionMask = 2147483647;
			files = (
			);
			runOnlyForDeploymentPostprocessing = 0;
		};
/* End PBXFrameworksBuildPhase section */

/* Begin PBXGroup section */
		2D552D3A2757CF5400157BE6 = {
			isa = PBXGroup;
			children = (
				2D552D452757CF5400157BE6 /* LtlToBuhiAutomato */,
				2D552D442757CF5400157BE6 /* Products */,
			);
			sourceTree = "<group>";
		};
		2D552D442757CF5400157BE6 /* Products */ = {
			isa = PBXGroup;
			children = (
				2D552D432757CF5400157BE6 /* LtlToBuhiAutomato */,
			);
			name = Products;
			sourceTree = "<group>";
		};
		2D552D452757CF5400157BE6 /* LtlToBuhiAutomato */ = {
			isa = PBXGroup;
			children = (
				2DA767F6276E3DB800866208 /* fsm.h */,
				2DA767F7276E3DB800866208 /* ltl.cpp */,
				2DA767F8276E3DB800866208 /* ltl.h */,
				2DA767F5276E3CBD00866208 /* LtlToBuhiAutomato */,
				2D552D532757CF8C00157BE6 /* test.cpp */,
				2D552D462757CF5400157BE6 /* main.cpp */,
				2D552D582757D03300157BE6 /* ltl_converter.cpp */,
				2D552D592757D03300157BE6 /* ltl_converter.hpp */,
				2D01D7D02763A1B7008C3744 /* convert_node.cpp */,
				2D01D7D12763A1B7008C3744 /* convert_node.hpp */,
				2D01D7D3276603F9008C3744 /* bad_formulas_set.cpp */,
				2D01D7D4276603F9008C3744 /* bad_formulas_set.hpp */,
				2D01D7D627661A81008C3744 /* vector_state.cpp */,
				2D01D7D727661A81008C3744 /* vector_state.hpp */,
				2D01D7D927665F15008C3744 /* state.cpp */,
				2D01D7DA27665F15008C3744 /* state.hpp */,
			);
			path = LtlToBuhiAutomato;
			sourceTree = "<group>";
		};
/* End PBXGroup section */

/* Begin PBXNativeTarget section */
		2D552D422757CF5400157BE6 /* LtlToBuhiAutomato */ = {
			isa = PBXNativeTarget;
			buildConfigurationList = 2D552D4A2757CF5400157BE6 /* Build configuration list for PBXNativeTarget "LtlToBuhiAutomato" */;
			buildPhases = (
				2D552D3F2757CF5400157BE6 /* Sources */,
				2D552D402757CF5400157BE6 /* Frameworks */,
				2D552D412757CF5400157BE6 /* CopyFiles */,
			);
			buildRules = (
			);
			dependencies = (
			);
			name = LtlToBuhiAutomato;
			productName = LtlToBuhiAutomato;
			productReference = 2D552D432757CF5400157BE6 /* LtlToBuhiAutomato */;
			productType = "com.apple.product-type.tool";
		};
/* End PBXNativeTarget section */

/* Begin PBXProject section */
		2D552D3B2757CF5400157BE6 /* Project object */ = {
			isa = PBXProject;
			attributes = {
				BuildIndependentTargetsInParallel = 1;
				LastUpgradeCheck = 1300;
				TargetAttributes = {
					2D552D422757CF5400157BE6 = {
						CreatedOnToolsVersion = 13.0;
					};
				};
			};
			buildConfigurationList = 2D552D3E2757CF5400157BE6 /* Build configuration list for PBXProject "LtlToBuhiAutomato" */;
			compatibilityVersion = "Xcode 13.0";
			developmentRegion = en;
			hasScannedForEncodings = 0;
			knownRegions = (
				en,
				Base,
			);
			mainGroup = 2D552D3A2757CF5400157BE6;
			productRefGroup = 2D552D442757CF5400157BE6 /* Products */;
			projectDirPath = "";
			projectRoot = "";
			targets = (
				2D552D422757CF5400157BE6 /* LtlToBuhiAutomato */,
			);
		};
/* End PBXProject section */

/* Begin PBXSourcesBuildPhase section */
		2D552D3F2757CF5400157BE6 /* Sources */ = {
			isa = PBXSourcesBuildPhase;
			buildActionMask = 2147483647;
			files = (
				2D01D7D5276603F9008C3744 /* bad_formulas_set.cpp in Sources */,
				2D552D5A2757D03300157BE6 /* ltl_converter.cpp in Sources */,
				2D01D7DB27665F15008C3744 /* state.cpp in Sources */,
				2D01D7D827661A81008C3744 /* vector_state.cpp in Sources */,
				2DA767F9276E3DB800866208 /* ltl.cpp in Sources */,
				2D552D472757CF5400157BE6 /* main.cpp in Sources */,
				2D01D7D22763A1B7008C3744 /* convert_node.cpp in Sources */,
				2D552D542757CF8C00157BE6 /* test.cpp in Sources */,
			);
			runOnlyForDeploymentPostprocessing = 0;
		};
/* End PBXSourcesBuildPhase section */

/* Begin XCBuildConfiguration section */
		2D552D482757CF5400157BE6 /* Debug */ = {
			isa = XCBuildConfiguration;
			buildSettings = {
				ALWAYS_SEARCH_USER_PATHS = NO;
				CLANG_ANALYZER_NONNULL = YES;
				CLANG_ANALYZER_NUMBER_OBJECT_CONVERSION = YES_AGGRESSIVE;
				CLANG_CXX_LANGUAGE_STANDARD = "gnu++17";
				CLANG_CXX_LIBRARY = "libc++";
				CLANG_ENABLE_MODULES = YES;
				CLANG_ENABLE_OBJC_ARC = YES;
				CLANG_ENABLE_OBJC_WEAK = YES;
				CLANG_WARN_BLOCK_CAPTURE_AUTORELEASING = YES;
				CLANG_WARN_BOOL_CONVERSION = YES;
				CLANG_WARN_COMMA = YES;
				CLANG_WARN_CONSTANT_CONVERSION = YES;
				CLANG_WARN_DEPRECATED_OBJC_IMPLEMENTATIONS = YES;
				CLANG_WARN_DIRECT_OBJC_ISA_USAGE = YES_ERROR;
				CLANG_WARN_DOCUMENTATION_COMMENTS = YES;
				CLANG_WARN_EMPTY_BODY = YES;
				CLANG_WARN_ENUM_CONVERSION = YES;
				CLANG_WARN_INFINITE_RECURSION = YES;
				CLANG_WARN_INT_CONVERSION = YES;
				CLANG_WARN_NON_LITERAL_NULL_CONVERSION = YES;
				CLANG_WARN_OBJC_IMPLICIT_RETAIN_SELF = YES;
				CLANG_WARN_OBJC_LITERAL_CONVERSION = YES;
				CLANG_WARN_OBJC_ROOT_CLASS = YES_ERROR;
				CLANG_WARN_QUOTED_INCLUDE_IN_FRAMEWORK_HEADER = YES;
				CLANG_WARN_RANGE_LOOP_ANALYSIS = YES;
				CLANG_WARN_STRICT_PROTOTYPES = YES;
				CLANG_WARN_SUSPICIOUS_MOVE = YES;
				CLANG_WARN_UNGUARDED_AVAILABILITY = YES_AGGRESSIVE;
				CLANG_WARN_UNREACHABLE_CODE = YES;
				CLANG_WARN__DUPLICATE_METHOD_MATCH = YES;
				COPY_PHASE_STRIP = NO;
				DEBUG_INFORMATION_FORMAT = dwarf;
				ENABLE_STRICT_OBJC_MSGSEND = YES;
				ENABLE_TESTABILITY = YES;
				GCC_C_LANGUAGE_STANDARD = gnu11;
				GCC_DYNAMIC_NO_PIC = NO;
				GCC_NO_COMMON_BLOCKS = YES;
				GCC_OPTIMIZATION_LEVEL = 0;
				GCC_PREPROCESSOR_DEFINITIONS = (
					"DEBUG=1",
					"$(inherited)",
				);
				GCC_WARN_64_TO_32_BIT_CONVERSION = YES;
				GCC_WARN_ABOUT_RETURN_TYPE = YES_ERROR;
				GCC_WARN_UNDECLARED_SELECTOR = YES;
				GCC_WARN_UNINITIALIZED_AUTOS = YES_AGGRESSIVE;
				GCC_WARN_UNUSED_FUNCTION = YES;
				GCC_WARN_UNUSED_VARIABLE = YES;
				MACOSX_DEPLOYMENT_TARGET = 11.3;
				MTL_ENABLE_DEBUG_INFO = INCLUDE_SOURCE;
				MTL_FAST_MATH = YES;
				ONLY_ACTIVE_ARCH = YES;
				SDKROOT = macosx;
			};
			name = Debug;
		};
		2D552D492757CF5400157BE6 /* Release */ = {
			isa = XCBuildConfiguration;
			buildSettings = {
				ALWAYS_SEARCH_USER_PATHS = NO;
				CLANG_ANALYZER_NONNULL = YES;
				CLANG_ANALYZER_NUMBER_OBJECT_CONVERSION = YES_AGGRESSIVE;
				CLANG_CXX_LANGUAGE_STANDARD = "gnu++17";
				CLANG_CXX_LIBRARY = "libc++";
				CLANG_ENABLE_MODULES = YES;
				CLANG_ENABLE_OBJC_ARC = YES;
				CLANG_ENABLE_OBJC_WEAK = YES;
				CLANG_WARN_BLOCK_CAPTURE_AUTORELEASING = YES;
				CLANG_WARN_BOOL_CONVERSION = YES;
				CLANG_WARN_COMMA = YES;
				CLANG_WARN_CONSTANT_CONVERSION = YES;
				CLANG_WARN_DEPRECATED_OBJC_IMPLEMENTATIONS = YES;
				CLANG_WARN_DIRECT_OBJC_ISA_USAGE = YES_ERROR;
				CLANG_WARN_DOCUMENTATION_COMMENTS = YES;
				CLANG_WARN_EMPTY_BODY = YES;
				CLANG_WARN_ENUM_CONVERSION = YES;
				CLANG_WARN_INFINITE_RECURSION = YES;
				CLANG_WARN_INT_CONVERSION = YES;
				CLANG_WARN_NON_LITERAL_NULL_CONVERSION = YES;
				CLANG_WARN_OBJC_IMPLICIT_RETAIN_SELF = YES;
				CLANG_WARN_OBJC_LITERAL_CONVERSION = YES;
				CLANG_WARN_OBJC_ROOT_CLASS = YES_ERROR;
				CLANG_WARN_QUOTED_INCLUDE_IN_FRAMEWORK_HEADER = YES;
				CLANG_WARN_RANGE_LOOP_ANALYSIS = YES;
				CLANG_WARN_STRICT_PROTOTYPES = YES;
				CLANG_WARN_SUSPICIOUS_MOVE = YES;
				CLANG_WARN_UNGUARDED_AVAILABILITY = YES_AGGRESSIVE;
				CLANG_WARN_UNREACHABLE_CODE = YES;
				CLANG_WARN__DUPLICATE_METHOD_MATCH = YES;
				COPY_PHASE_STRIP = NO;
				DEBUG_INFORMATION_FORMAT = "dwarf-with-dsym";
				ENABLE_NS_ASSERTIONS = NO;
				ENABLE_STRICT_OBJC_MSGSEND = YES;
				GCC_C_LANGUAGE_STANDARD = gnu11;
				GCC_NO_COMMON_BLOCKS = YES;
				GCC_WARN_64_TO_32_BIT_CONVERSION = YES;
				GCC_WARN_ABOUT_RETURN_TYPE = YES_ERROR;
				GCC_WARN_UNDECLARED_SELECTOR = YES;
				GCC_WARN_UNINITIALIZED_AUTOS = YES_AGGRESSIVE;
				GCC_WARN_UNUSED_FUNCTION = YES;
				GCC_WARN_UNUSED_VARIABLE = YES;
				MACOSX_DEPLOYMENT_TARGET = 11.3;
				MTL_ENABLE_DEBUG_INFO = NO;
				MTL_FAST_MATH = YES;
				SDKROOT = macosx;
			};
			name = Release;
		};
		2D552D4B2757CF5400157BE6 /* Debug */ = {
			isa = XCBuildConfiguration;
			buildSettings = {
				CODE_SIGN_STYLE = Automatic;
				PRODUCT_NAME = "$(TARGET_NAME)";
			};
			name = Debug;
		};
		2D552D4C2757CF5400157BE6 /* Release */ = {
			isa = XCBuildConfiguration;
			buildSettings = {
				CODE_SIGN_STYLE = Automatic;
				PRODUCT_NAME = "$(TARGET_NAME)";
			};
			name = Release;
		};
/* End XCBuildConfiguration section */

/* Begin XCConfigurationList section */
		2D552D3E2757CF5400157BE6 /* Build configuration list for PBXProject "LtlToBuhiAutomato" */ = {
			isa = XCConfigurationList;
			buildConfigurations = (
				2D552D482757CF5400157BE6 /* Debug */,
				2D552D492757CF5400157BE6 /* Release */,
			);
			defaultConfigurationIsVisible = 0;
			defaultConfigurationName = Release;
		};
		2D552D4A2757CF5400157BE6 /* Build configuration list for PBXNativeTarget "LtlToBuhiAutomato" */ = {
			isa = XCConfigurationList;
			buildConfigurations = (
				2D552D4B2757CF5400157BE6 /* Debug */,
				2D552D4C2757CF5400157BE6 /* Release */,
			);
			defaultConfigurationIsVisible = 0;
			defaultConfigurationName = Release;
		};
/* End XCConfigurationList section */
	};
	rootObject = 2D552D3B2757CF5400157BE6 /* Project object */;
}
